
Microsoft Visual Studio Solution File, Format Version 12.00
# Visual Studio Version 17
VisualStudioVersion = 17.4.33122.133
MinimumVisualStudioVersion = 10.0.40219.1
Project("{FAE04EC0-301F-11D3-BF4B-00C04F79EFBC}") = "pz_6", "pz_6.csproj", "{940F4AC9-1C63-4AD5-B3AC-A3AA6A8D1F74}"
EndProject
Global
	GlobalSection(SolutionConfigurationPlatforms) = preSolution
		Debug|Any CPU = Debug|Any CPU
		Release|Any CPU = Release|Any CPU
	EndGlobalSection
	GlobalSection(ProjectConfigurationPlatforms) = postSolution
		{940F4AC9-1C63-4AD5-B3AC-A3AA6A8D1F74}.Debug|Any CPU.ActiveCfg = Debug|Any CPU
		{940F4AC9-1C63-4AD5-B3AC-A3AA6A8D1F74}.Debug|Any CPU.Build.0 = Debug|Any CPU
		{940F4AC9-1C63-4AD5-B3AC-A3AA6A8D1F74}.Release|Any CPU.ActiveCfg = Release|Any CPU
		{940F4AC9-1C63-4AD5-B3AC-A3AA6A8D1F74}.Release|Any CPU.Build.0 = Release|Any CPU
	EndGlobalSection
	GlobalSection(SolutionProperties) = preSolution
		HideSolutionNode = FALSE
	EndGlobalSection
	GlobalSection(ExtensibilityGlobals) = postSolution
		SolutionGuid = {CBC914CB-C4FD-4729-9F4A-13B6AB005CD4}
	EndGlobalSection
EndGlobal
