
Microsoft Visual Studio Solution File, Format Version 12.00
# Visual Studio Version 17
VisualStudioVersion = 17.4.33122.133
MinimumVisualStudioVersion = 10.0.40219.1
Project("{FAE04EC0-301F-11D3-BF4B-00C04F79EFBC}") = "pz_5", "pz_5.csproj", "{2DB69ADA-34C4-44FF-8E73-4C6DF96FC91A}"
EndProject
Global
	GlobalSection(SolutionConfigurationPlatforms) = preSolution
		Debug|Any CPU = Debug|Any CPU
		Release|Any CPU = Release|Any CPU
	EndGlobalSection
	GlobalSection(ProjectConfigurationPlatforms) = postSolution
		{2DB69ADA-34C4-44FF-8E73-4C6DF96FC91A}.Debug|Any CPU.ActiveCfg = Debug|Any CPU
		{2DB69ADA-34C4-44FF-8E73-4C6DF96FC91A}.Debug|Any CPU.Build.0 = Debug|Any CPU
		{2DB69ADA-34C4-44FF-8E73-4C6DF96FC91A}.Release|Any CPU.ActiveCfg = Release|Any CPU
		{2DB69ADA-34C4-44FF-8E73-4C6DF96FC91A}.Release|Any CPU.Build.0 = Release|Any CPU
	EndGlobalSection
	GlobalSection(SolutionProperties) = preSolution
		HideSolutionNode = FALSE
	EndGlobalSection
	GlobalSection(ExtensibilityGlobals) = postSolution
		SolutionGuid = {3203A345-569B-49F6-8174-081A0FAB0F10}
	EndGlobalSection
EndGlobal
