
Microsoft Visual Studio Solution File, Format Version 12.00
# Visual Studio Version 17
VisualStudioVersion = 17.4.33122.133
MinimumVisualStudioVersion = 10.0.40219.1
Project("{FAE04EC0-301F-11D3-BF4B-00C04F79EFBC}") = "ConsoleApp1", "ConsoleApp1.csproj", "{8520472D-E0AE-4FED-9AFC-7564A1D7FC59}"
EndProject
Global
	GlobalSection(SolutionConfigurationPlatforms) = preSolution
		Debug|Any CPU = Debug|Any CPU
		Release|Any CPU = Release|Any CPU
	EndGlobalSection
	GlobalSection(ProjectConfigurationPlatforms) = postSolution
		{8520472D-E0AE-4FED-9AFC-7564A1D7FC59}.Debug|Any CPU.ActiveCfg = Debug|Any CPU
		{8520472D-E0AE-4FED-9AFC-7564A1D7FC59}.Debug|Any CPU.Build.0 = Debug|Any CPU
		{8520472D-E0AE-4FED-9AFC-7564A1D7FC59}.Release|Any CPU.ActiveCfg = Release|Any CPU
		{8520472D-E0AE-4FED-9AFC-7564A1D7FC59}.Release|Any CPU.Build.0 = Release|Any CPU
	EndGlobalSection
	GlobalSection(SolutionProperties) = preSolution
		HideSolutionNode = FALSE
	EndGlobalSection
	GlobalSection(ExtensibilityGlobals) = postSolution
		SolutionGuid = {61E807B2-C8A2-49A7-BF4D-2ABDECEF87BC}
	EndGlobalSection
EndGlobal
