
Microsoft Visual Studio Solution File, Format Version 12.00
# Visual Studio Version 17
VisualStudioVersion = 17.4.33213.308
MinimumVisualStudioVersion = 10.0.40219.1
Project("{FAE04EC0-301F-11D3-BF4B-00C04F79EFBC}") = "pz_28", "pz_28.csproj", "{616F6F38-6ED8-4CCB-AA14-B3845CDB507D}"
EndProject
Global
	GlobalSection(SolutionConfigurationPlatforms) = preSolution
		Debug|Any CPU = Debug|Any CPU
		Release|Any CPU = Release|Any CPU
	EndGlobalSection
	GlobalSection(ProjectConfigurationPlatforms) = postSolution
		{616F6F38-6ED8-4CCB-AA14-B3845CDB507D}.Debug|Any CPU.ActiveCfg = Debug|Any CPU
		{616F6F38-6ED8-4CCB-AA14-B3845CDB507D}.Debug|Any CPU.Build.0 = Debug|Any CPU
		{616F6F38-6ED8-4CCB-AA14-B3845CDB507D}.Release|Any CPU.ActiveCfg = Release|Any CPU
		{616F6F38-6ED8-4CCB-AA14-B3845CDB507D}.Release|Any CPU.Build.0 = Release|Any CPU
	EndGlobalSection
	GlobalSection(SolutionProperties) = preSolution
		HideSolutionNode = FALSE
	EndGlobalSection
	GlobalSection(ExtensibilityGlobals) = postSolution
		SolutionGuid = {5F986EC6-7946-4F38-85DB-AF7436C110B1}
	EndGlobalSection
EndGlobal
